// !$*UTF8*$!
{
	archiveVersion = 1;
	classes = {
	};
	objectVersion = 56;
	objects = {

/* Begin PBXBuildFile section */
		6CA9DEF92BF3EDC300F70115 /* bikeFinderApp.swift in Sources */ = {isa = PBXBuildFile; fileRef = 6CA9DEF82BF3EDC300F70115 /* bikeFinderApp.swift */; };
		6CA9DEFB2BF3EDC300F70115 /* ContentView.swift in Sources */ = {isa = PBXBuildFile; fileRef = 6CA9DEFA2BF3EDC300F70115 /* ContentView.swift */; };
		6CA9DEFF2BF3EDC600F70115 /* Assets.xcassets in Resources */ = {isa = PBXBuildFile; fileRef = 6CA9DEFE2BF3EDC600F70115 /* Assets.xcassets */; };
		6CA9DF022BF3EDC600F70115 /* Preview Assets.xcassets in Resources */ = {isa = PBXBuildFile; fileRef = 6CA9DF012BF3EDC600F70115 /* Preview Assets.xcassets */; };
		6CA9DF0C2BF3F85C00F70115 /* ViewModel.swift in Sources */ = {isa = PBXBuildFile; fileRef = 6CA9DF0B2BF3F85C00F70115 /* ViewModel.swift */; };
		6CA9DF0E2BF3FA9700F70115 /* Station.swift in Sources */ = {isa = PBXBuildFile; fileRef = 6CA9DF0D2BF3FA9700F70115 /* Station.swift */; };
		6CA9DF102BF3FAEA00F70115 /* StationStatus.swift in Sources */ = {isa = PBXBuildFile; fileRef = 6CA9DF0F2BF3FAEA00F70115 /* StationStatus.swift */; };
		6CA9DF152BF3FD0100F70115 /* ApiConfig.swift in Sources */ = {isa = PBXBuildFile; fileRef = 6CA9DF142BF3FD0100F70115 /* ApiConfig.swift */; };
		6CA9DF172BF3FD1100F70115 /* ApiConnector.swift in Sources */ = {isa = PBXBuildFile; fileRef = 6CA9DF162BF3FD1100F70115 /* ApiConnector.swift */; };
		6CA9DF192BF3FD6500F70115 /* UrlFactory.swift in Sources */ = {isa = PBXBuildFile; fileRef = 6CA9DF182BF3FD6500F70115 /* UrlFactory.swift */; };
		6CA9DF1B2BF4028D00F70115 /* ModelContainerPreview.swift in Sources */ = {isa = PBXBuildFile; fileRef = 6CA9DF1A2BF4028D00F70115 /* ModelContainerPreview.swift */; };
		6CA9DF1D2BF402BC00F70115 /* PreviewSampleData.swift in Sources */ = {isa = PBXBuildFile; fileRef = 6CA9DF1C2BF402BC00F70115 /* PreviewSampleData.swift */; };
		6CA9DF1F2BF4079100F70115 /* Location.swift in Sources */ = {isa = PBXBuildFile; fileRef = 6CA9DF1E2BF4079100F70115 /* Location.swift */; };
		6CA9DF252BF40B9200F70115 /* ApiStationInformation.swift in Sources */ = {isa = PBXBuildFile; fileRef = 6CA9DF242BF40B9200F70115 /* ApiStationInformation.swift */; };
		6CA9DF272BF40BDC00F70115 /* ApiStationStatus.swift in Sources */ = {isa = PBXBuildFile; fileRef = 6CA9DF262BF40BDC00F70115 /* ApiStationStatus.swift */; };
		6CA9DF2E2BF5502300F70115 /* SynchronizationManager.swift in Sources */ = {isa = PBXBuildFile; fileRef = 6CA9DF2D2BF5502300F70115 /* SynchronizationManager.swift */; };
		6CA9DF352BF57C6700F70115 /* stationInformation.json in Resources */ = {isa = PBXBuildFile; fileRef = 6CA9DF332BF57C6700F70115 /* stationInformation.json */; };
		6CA9DF362BF57C6700F70115 /* stationStatus.json in Resources */ = {isa = PBXBuildFile; fileRef = 6CA9DF342BF57C6700F70115 /* stationStatus.json */; };
/* End PBXBuildFile section */

/* Begin PBXFileReference section */
		6CA9DEF52BF3EDC300F70115 /* bikeFinder.app */ = {isa = PBXFileReference; explicitFileType = wrapper.application; includeInIndex = 0; path = bikeFinder.app; sourceTree = BUILT_PRODUCTS_DIR; };
		6CA9DEF82BF3EDC300F70115 /* bikeFinderApp.swift */ = {isa = PBXFileReference; lastKnownFileType = sourcecode.swift; path = bikeFinderApp.swift; sourceTree = "<group>"; };
		6CA9DEFA2BF3EDC300F70115 /* ContentView.swift */ = {isa = PBXFileReference; lastKnownFileType = sourcecode.swift; path = ContentView.swift; sourceTree = "<group>"; };
		6CA9DEFE2BF3EDC600F70115 /* Assets.xcassets */ = {isa = PBXFileReference; lastKnownFileType = folder.assetcatalog; path = Assets.xcassets; sourceTree = "<group>"; };
		6CA9DF012BF3EDC600F70115 /* Preview Assets.xcassets */ = {isa = PBXFileReference; lastKnownFileType = folder.assetcatalog; path = "Preview Assets.xcassets"; sourceTree = "<group>"; };
		6CA9DF0B2BF3F85C00F70115 /* ViewModel.swift */ = {isa = PBXFileReference; lastKnownFileType = sourcecode.swift; path = ViewModel.swift; sourceTree = "<group>"; };
		6CA9DF0D2BF3FA9700F70115 /* Station.swift */ = {isa = PBXFileReference; lastKnownFileType = sourcecode.swift; path = Station.swift; sourceTree = "<group>"; };
		6CA9DF0F2BF3FAEA00F70115 /* StationStatus.swift */ = {isa = PBXFileReference; lastKnownFileType = sourcecode.swift; path = StationStatus.swift; sourceTree = "<group>"; };
		6CA9DF142BF3FD0100F70115 /* ApiConfig.swift */ = {isa = PBXFileReference; lastKnownFileType = sourcecode.swift; path = ApiConfig.swift; sourceTree = "<group>"; };
		6CA9DF162BF3FD1100F70115 /* ApiConnector.swift */ = {isa = PBXFileReference; lastKnownFileType = sourcecode.swift; path = ApiConnector.swift; sourceTree = "<group>"; };
		6CA9DF182BF3FD6500F70115 /* UrlFactory.swift */ = {isa = PBXFileReference; lastKnownFileType = sourcecode.swift; path = UrlFactory.swift; sourceTree = "<group>"; };
		6CA9DF1A2BF4028D00F70115 /* ModelContainerPreview.swift */ = {isa = PBXFileReference; lastKnownFileType = sourcecode.swift; path = ModelContainerPreview.swift; sourceTree = "<group>"; };
		6CA9DF1C2BF402BC00F70115 /* PreviewSampleData.swift */ = {isa = PBXFileReference; lastKnownFileType = sourcecode.swift; path = PreviewSampleData.swift; sourceTree = "<group>"; };
		6CA9DF1E2BF4079100F70115 /* Location.swift */ = {isa = PBXFileReference; lastKnownFileType = sourcecode.swift; path = Location.swift; sourceTree = "<group>"; };
		6CA9DF242BF40B9200F70115 /* ApiStationInformation.swift */ = {isa = PBXFileReference; lastKnownFileType = sourcecode.swift; path = ApiStationInformation.swift; sourceTree = "<group>"; };
		6CA9DF262BF40BDC00F70115 /* ApiStationStatus.swift */ = {isa = PBXFileReference; lastKnownFileType = sourcecode.swift; path = ApiStationStatus.swift; sourceTree = "<group>"; };
		6CA9DF2D2BF5502300F70115 /* SynchronizationManager.swift */ = {isa = PBXFileReference; lastKnownFileType = sourcecode.swift; path = SynchronizationManager.swift; sourceTree = "<group>"; };
		6CA9DF332BF57C6700F70115 /* stationInformation.json */ = {isa = PBXFileReference; fileEncoding = 4; lastKnownFileType = text.json; path = stationInformation.json; sourceTree = "<group>"; };
		6CA9DF342BF57C6700F70115 /* stationStatus.json */ = {isa = PBXFileReference; fileEncoding = 4; lastKnownFileType = text.json; path = stationStatus.json; sourceTree = "<group>"; };
/* End PBXFileReference section */

/* Begin PBXFrameworksBuildPhase section */
		6CA9DEF22BF3EDC300F70115 /* Frameworks */ = {
			isa = PBXFrameworksBuildPhase;
			buildActionMask = 2147483647;
			files = (
			);
			runOnlyForDeploymentPostprocessing = 0;
		};
/* End PBXFrameworksBuildPhase section */

/* Begin PBXGroup section */
		6CA9DEEC2BF3EDC300F70115 = {
			isa = PBXGroup;
			children = (
				6CA9DEF72BF3EDC300F70115 /* bikeFinder */,
				6CA9DEF62BF3EDC300F70115 /* Products */,
			);
			sourceTree = "<group>";
		};
		6CA9DEF62BF3EDC300F70115 /* Products */ = {
			isa = PBXGroup;
			children = (
				6CA9DEF52BF3EDC300F70115 /* bikeFinder.app */,
			);
			name = Products;
			sourceTree = "<group>";
		};
		6CA9DEF72BF3EDC300F70115 /* bikeFinder */ = {
			isa = PBXGroup;
			children = (
				6CA9DEF82BF3EDC300F70115 /* bikeFinderApp.swift */,
				6CA9DEFA2BF3EDC300F70115 /* ContentView.swift */,
				6CA9DF132BF3FCA200F70115 /* API */,
				6CA9DF0A2BF3F83A00F70115 /* Model */,
				6CA9DEFE2BF3EDC600F70115 /* Assets.xcassets */,
				6CA9DF002BF3EDC600F70115 /* Preview Content */,
			);
			path = bikeFinder;
			sourceTree = "<group>";
		};
		6CA9DF002BF3EDC600F70115 /* Preview Content */ = {
			isa = PBXGroup;
			children = (
				6CA9DF012BF3EDC600F70115 /* Preview Assets.xcassets */,
				6CA9DF1A2BF4028D00F70115 /* ModelContainerPreview.swift */,
				6CA9DF1C2BF402BC00F70115 /* PreviewSampleData.swift */,
				6CA9DF332BF57C6700F70115 /* stationInformation.json */,
				6CA9DF342BF57C6700F70115 /* stationStatus.json */,
			);
			path = "Preview Content";
			sourceTree = "<group>";
		};
		6CA9DF0A2BF3F83A00F70115 /* Model */ = {
			isa = PBXGroup;
			children = (
				6CA9DF282BF4159C00F70115 /* Database */,
				6CA9DF212BF4090700F70115 /* ApiModel */,
				6CA9DF0B2BF3F85C00F70115 /* ViewModel.swift */,
				6CA9DF1E2BF4079100F70115 /* Location.swift */,
			);
			path = Model;
			sourceTree = "<group>";
		};
		6CA9DF132BF3FCA200F70115 /* API */ = {
			isa = PBXGroup;
			children = (
				6CA9DF142BF3FD0100F70115 /* ApiConfig.swift */,
				6CA9DF162BF3FD1100F70115 /* ApiConnector.swift */,
				6CA9DF182BF3FD6500F70115 /* UrlFactory.swift */,
				6CA9DF2D2BF5502300F70115 /* SynchronizationManager.swift */,
			);
			path = API;
			sourceTree = "<group>";
		};
		6CA9DF212BF4090700F70115 /* ApiModel */ = {
			isa = PBXGroup;
			children = (
				6CA9DF242BF40B9200F70115 /* ApiStationInformation.swift */,
				6CA9DF262BF40BDC00F70115 /* ApiStationStatus.swift */,
			);
			path = ApiModel;
			sourceTree = "<group>";
		};
		6CA9DF282BF4159C00F70115 /* Database */ = {
			isa = PBXGroup;
			children = (
				6CA9DF0D2BF3FA9700F70115 /* Station.swift */,
				6CA9DF0F2BF3FAEA00F70115 /* StationStatus.swift */,
			);
			path = Database;
			sourceTree = "<group>";
		};
/* End PBXGroup section */

/* Begin PBXNativeTarget section */
		6CA9DEF42BF3EDC300F70115 /* bikeFinder */ = {
			isa = PBXNativeTarget;
			buildConfigurationList = 6CA9DF052BF3EDC600F70115 /* Build configuration list for PBXNativeTarget "bikeFinder" */;
			buildPhases = (
				6CA9DEF12BF3EDC300F70115 /* Sources */,
				6CA9DEF22BF3EDC300F70115 /* Frameworks */,
				6CA9DEF32BF3EDC300F70115 /* Resources */,
			);
			buildRules = (
			);
			dependencies = (
			);
			name = bikeFinder;
			productName = bikeFinder;
			productReference = 6CA9DEF52BF3EDC300F70115 /* bikeFinder.app */;
			productType = "com.apple.product-type.application";
		};
/* End PBXNativeTarget section */

/* Begin PBXProject section */
		6CA9DEED2BF3EDC300F70115 /* Project object */ = {
			isa = PBXProject;
			attributes = {
				BuildIndependentTargetsInParallel = 1;
				LastSwiftUpdateCheck = 1500;
				LastUpgradeCheck = 1500;
				TargetAttributes = {
					6CA9DEF42BF3EDC300F70115 = {
						CreatedOnToolsVersion = 15.0;
					};
				};
			};
			buildConfigurationList = 6CA9DEF02BF3EDC300F70115 /* Build configuration list for PBXProject "bikeFinder" */;
			compatibilityVersion = "Xcode 14.0";
			developmentRegion = en;
			hasScannedForEncodings = 0;
			knownRegions = (
				en,
				Base,
			);
			mainGroup = 6CA9DEEC2BF3EDC300F70115;
			productRefGroup = 6CA9DEF62BF3EDC300F70115 /* Products */;
			projectDirPath = "";
			projectRoot = "";
			targets = (
				6CA9DEF42BF3EDC300F70115 /* bikeFinder */,
			);
		};
/* End PBXProject section */

/* Begin PBXResourcesBuildPhase section */
		6CA9DEF32BF3EDC300F70115 /* Resources */ = {
			isa = PBXResourcesBuildPhase;
			buildActionMask = 2147483647;
			files = (
				6CA9DF362BF57C6700F70115 /* stationStatus.json in Resources */,
				6CA9DF352BF57C6700F70115 /* stationInformation.json in Resources */,
				6CA9DF022BF3EDC600F70115 /* Preview Assets.xcassets in Resources */,
				6CA9DEFF2BF3EDC600F70115 /* Assets.xcassets in Resources */,
			);
			runOnlyForDeploymentPostprocessing = 0;
		};
/* End PBXResourcesBuildPhase section */

/* Begin PBXSourcesBuildPhase section */
		6CA9DEF12BF3EDC300F70115 /* Sources */ = {
			isa = PBXSourcesBuildPhase;
			buildActionMask = 2147483647;
			files = (
				6CA9DF2E2BF5502300F70115 /* SynchronizationManager.swift in Sources */,
				6CA9DEFB2BF3EDC300F70115 /* ContentView.swift in Sources */,
				6CA9DF0E2BF3FA9700F70115 /* Station.swift in Sources */,
				6CA9DF152BF3FD0100F70115 /* ApiConfig.swift in Sources */,
				6CA9DF272BF40BDC00F70115 /* ApiStationStatus.swift in Sources */,
				6CA9DF102BF3FAEA00F70115 /* StationStatus.swift in Sources */,
				6CA9DF252BF40B9200F70115 /* ApiStationInformation.swift in Sources */,
				6CA9DF1F2BF4079100F70115 /* Location.swift in Sources */,
				6CA9DF0C2BF3F85C00F70115 /* ViewModel.swift in Sources */,
				6CA9DF172BF3FD1100F70115 /* ApiConnector.swift in Sources */,
				6CA9DF1D2BF402BC00F70115 /* PreviewSampleData.swift in Sources */,
				6CA9DF1B2BF4028D00F70115 /* ModelContainerPreview.swift in Sources */,
				6CA9DF192BF3FD6500F70115 /* UrlFactory.swift in Sources */,
				6CA9DEF92BF3EDC300F70115 /* bikeFinderApp.swift in Sources */,
			);
			runOnlyForDeploymentPostprocessing = 0;
		};
/* End PBXSourcesBuildPhase section */

/* Begin XCBuildConfiguration section */
		6CA9DF032BF3EDC600F70115 /* Debug */ = {
			isa = XCBuildConfiguration;
			buildSettings = {
				ALWAYS_SEARCH_USER_PATHS = NO;
				ASSETCATALOG_COMPILER_GENERATE_SWIFT_ASSET_SYMBOL_EXTENSIONS = YES;
				CLANG_ANALYZER_NONNULL = YES;
				CLANG_ANALYZER_NUMBER_OBJECT_CONVERSION = YES_AGGRESSIVE;
				CLANG_CXX_LANGUAGE_STANDARD = "gnu++20";
				CLANG_ENABLE_MODULES = YES;
				CLANG_ENABLE_OBJC_ARC = YES;
				CLANG_ENABLE_OBJC_WEAK = YES;
				CLANG_WARN_BLOCK_CAPTURE_AUTORELEASING = YES;
				CLANG_WARN_BOOL_CONVERSION = YES;
				CLANG_WARN_COMMA = YES;
				CLANG_WARN_CONSTANT_CONVERSION = YES;
				CLANG_WARN_DEPRECATED_OBJC_IMPLEMENTATIONS = YES;
				CLANG_WARN_DIRECT_OBJC_ISA_USAGE = YES_ERROR;
				CLANG_WARN_DOCUMENTATION_COMMENTS = YES;
				CLANG_WARN_EMPTY_BODY = YES;
				CLANG_WARN_ENUM_CONVERSION = YES;
				CLANG_WARN_INFINITE_RECURSION = YES;
				CLANG_WARN_INT_CONVERSION = YES;
				CLANG_WARN_NON_LITERAL_NULL_CONVERSION = YES;
				CLANG_WARN_OBJC_IMPLICIT_RETAIN_SELF = YES;
				CLANG_WARN_OBJC_LITERAL_CONVERSION = YES;
				CLANG_WARN_OBJC_ROOT_CLASS = YES_ERROR;
				CLANG_WARN_QUOTED_INCLUDE_IN_FRAMEWORK_HEADER = YES;
				CLANG_WARN_RANGE_LOOP_ANALYSIS = YES;
				CLANG_WARN_STRICT_PROTOTYPES = YES;
				CLANG_WARN_SUSPICIOUS_MOVE = YES;
				CLANG_WARN_UNGUARDED_AVAILABILITY = YES_AGGRESSIVE;
				CLANG_WARN_UNREACHABLE_CODE = YES;
				CLANG_WARN__DUPLICATE_METHOD_MATCH = YES;
				COPY_PHASE_STRIP = NO;
				DEBUG_INFORMATION_FORMAT = dwarf;
				ENABLE_STRICT_OBJC_MSGSEND = YES;
				ENABLE_TESTABILITY = YES;
				ENABLE_USER_SCRIPT_SANDBOXING = YES;
				GCC_C_LANGUAGE_STANDARD = gnu17;
				GCC_DYNAMIC_NO_PIC = NO;
				GCC_NO_COMMON_BLOCKS = YES;
				GCC_OPTIMIZATION_LEVEL = 0;
				GCC_PREPROCESSOR_DEFINITIONS = (
					"DEBUG=1",
					"$(inherited)",
				);
				GCC_WARN_64_TO_32_BIT_CONVERSION = YES;
				GCC_WARN_ABOUT_RETURN_TYPE = YES_ERROR;
				GCC_WARN_UNDECLARED_SELECTOR = YES;
				GCC_WARN_UNINITIALIZED_AUTOS = YES_AGGRESSIVE;
				GCC_WARN_UNUSED_FUNCTION = YES;
				GCC_WARN_UNUSED_VARIABLE = YES;
				IPHONEOS_DEPLOYMENT_TARGET = 17.0;
				LOCALIZATION_PREFERS_STRING_CATALOGS = YES;
				MTL_ENABLE_DEBUG_INFO = INCLUDE_SOURCE;
				MTL_FAST_MATH = YES;
				ONLY_ACTIVE_ARCH = YES;
				SDKROOT = iphoneos;
				SWIFT_ACTIVE_COMPILATION_CONDITIONS = "DEBUG $(inherited)";
				SWIFT_OPTIMIZATION_LEVEL = "-Onone";
			};
			name = Debug;
		};
		6CA9DF042BF3EDC600F70115 /* Release */ = {
			isa = XCBuildConfiguration;
			buildSettings = {
				ALWAYS_SEARCH_USER_PATHS = NO;
				ASSETCATALOG_COMPILER_GENERATE_SWIFT_ASSET_SYMBOL_EXTENSIONS = YES;
				CLANG_ANALYZER_NONNULL = YES;
				CLANG_ANALYZER_NUMBER_OBJECT_CONVERSION = YES_AGGRESSIVE;
				CLANG_CXX_LANGUAGE_STANDARD = "gnu++20";
				CLANG_ENABLE_MODULES = YES;
				CLANG_ENABLE_OBJC_ARC = YES;
				CLANG_ENABLE_OBJC_WEAK = YES;
				CLANG_WARN_BLOCK_CAPTURE_AUTORELEASING = YES;
				CLANG_WARN_BOOL_CONVERSION = YES;
				CLANG_WARN_COMMA = YES;
				CLANG_WARN_CONSTANT_CONVERSION = YES;
				CLANG_WARN_DEPRECATED_OBJC_IMPLEMENTATIONS = YES;
				CLANG_WARN_DIRECT_OBJC_ISA_USAGE = YES_ERROR;
				CLANG_WARN_DOCUMENTATION_COMMENTS = YES;
				CLANG_WARN_EMPTY_BODY = YES;
				CLANG_WARN_ENUM_CONVERSION = YES;
				CLANG_WARN_INFINITE_RECURSION = YES;
				CLANG_WARN_INT_CONVERSION = YES;
				CLANG_WARN_NON_LITERAL_NULL_CONVERSION = YES;
				CLANG_WARN_OBJC_IMPLICIT_RETAIN_SELF = YES;
				CLANG_WARN_OBJC_LITERAL_CONVERSION = YES;
				CLANG_WARN_OBJC_ROOT_CLASS = YES_ERROR;
				CLANG_WARN_QUOTED_INCLUDE_IN_FRAMEWORK_HEADER = YES;
				CLANG_WARN_RANGE_LOOP_ANALYSIS = YES;
				CLANG_WARN_STRICT_PROTOTYPES = YES;
				CLANG_WARN_SUSPICIOUS_MOVE = YES;
				CLANG_WARN_UNGUARDED_AVAILABILITY = YES_AGGRESSIVE;
				CLANG_WARN_UNREACHABLE_CODE = YES;
				CLANG_WARN__DUPLICATE_METHOD_MATCH = YES;
				COPY_PHASE_STRIP = NO;
				DEBUG_INFORMATION_FORMAT = "dwarf-with-dsym";
				ENABLE_NS_ASSERTIONS = NO;
				ENABLE_STRICT_OBJC_MSGSEND = YES;
				ENABLE_USER_SCRIPT_SANDBOXING = YES;
				GCC_C_LANGUAGE_STANDARD = gnu17;
				GCC_NO_COMMON_BLOCKS = YES;
				GCC_WARN_64_TO_32_BIT_CONVERSION = YES;
				GCC_WARN_ABOUT_RETURN_TYPE = YES_ERROR;
				GCC_WARN_UNDECLARED_SELECTOR = YES;
				GCC_WARN_UNINITIALIZED_AUTOS = YES_AGGRESSIVE;
				GCC_WARN_UNUSED_FUNCTION = YES;
				GCC_WARN_UNUSED_VARIABLE = YES;
				IPHONEOS_DEPLOYMENT_TARGET = 17.0;
				LOCALIZATION_PREFERS_STRING_CATALOGS = YES;
				MTL_ENABLE_DEBUG_INFO = NO;
				MTL_FAST_MATH = YES;
				SDKROOT = iphoneos;
				SWIFT_COMPILATION_MODE = wholemodule;
				VALIDATE_PRODUCT = YES;
			};
			name = Release;
		};
		6CA9DF062BF3EDC600F70115 /* Debug */ = {
			isa = XCBuildConfiguration;
			buildSettings = {
				ASSETCATALOG_COMPILER_APPICON_NAME = AppIcon;
				ASSETCATALOG_COMPILER_GLOBAL_ACCENT_COLOR_NAME = AccentColor;
				CODE_SIGN_STYLE = Automatic;
				CURRENT_PROJECT_VERSION = 1;
				DEVELOPMENT_ASSET_PATHS = "\"bikeFinder/Preview Content\"";
				DEVELOPMENT_TEAM = VB5MBN44WH;
				ENABLE_PREVIEWS = YES;
				GENERATE_INFOPLIST_FILE = YES;
				INFOPLIST_KEY_UIApplicationSceneManifest_Generation = YES;
				INFOPLIST_KEY_UIApplicationSupportsIndirectInputEvents = YES;
				INFOPLIST_KEY_UILaunchScreen_Generation = YES;
				INFOPLIST_KEY_UISupportedInterfaceOrientations_iPad = "UIInterfaceOrientationPortrait UIInterfaceOrientationPortraitUpsideDown UIInterfaceOrientationLandscapeLeft UIInterfaceOrientationLandscapeRight";
				INFOPLIST_KEY_UISupportedInterfaceOrientations_iPhone = "UIInterfaceOrientationPortrait UIInterfaceOrientationLandscapeLeft UIInterfaceOrientationLandscapeRight";
				LD_RUNPATH_SEARCH_PATHS = (
					"$(inherited)",
					"@executable_path/Frameworks",
				);
				MARKETING_VERSION = 1.0;
				PRODUCT_BUNDLE_IDENTIFIER = com.rytel.bikeFinder;
				PRODUCT_NAME = "$(TARGET_NAME)";
				SWIFT_EMIT_LOC_STRINGS = YES;
				SWIFT_VERSION = 5.0;
				TARGETED_DEVICE_FAMILY = "1,2";
			};
			name = Debug;
		};
		6CA9DF072BF3EDC600F70115 /* Release */ = {
			isa = XCBuildConfiguration;
			buildSettings = {
				ASSETCATALOG_COMPILER_APPICON_NAME = AppIcon;
				ASSETCATALOG_COMPILER_GLOBAL_ACCENT_COLOR_NAME = AccentColor;
				CODE_SIGN_STYLE = Automatic;
				CURRENT_PROJECT_VERSION = 1;
				DEVELOPMENT_ASSET_PATHS = "\"bikeFinder/Preview Content\"";
				DEVELOPMENT_TEAM = VB5MBN44WH;
				ENABLE_PREVIEWS = YES;
				GENERATE_INFOPLIST_FILE = YES;
				INFOPLIST_KEY_UIApplicationSceneManifest_Generation = YES;
				INFOPLIST_KEY_UIApplicationSupportsIndirectInputEvents = YES;
				INFOPLIST_KEY_UILaunchScreen_Generation = YES;
				INFOPLIST_KEY_UISupportedInterfaceOrientations_iPad = "UIInterfaceOrientationPortrait UIInterfaceOrientationPortraitUpsideDown UIInterfaceOrientationLandscapeLeft UIInterfaceOrientationLandscapeRight";
				INFOPLIST_KEY_UISupportedInterfaceOrientations_iPhone = "UIInterfaceOrientationPortrait UIInterfaceOrientationLandscapeLeft UIInterfaceOrientationLandscapeRight";
				LD_RUNPATH_SEARCH_PATHS = (
					"$(inherited)",
					"@executable_path/Frameworks",
				);
				MARKETING_VERSION = 1.0;
				PRODUCT_BUNDLE_IDENTIFIER = com.rytel.bikeFinder;
				PRODUCT_NAME = "$(TARGET_NAME)";
				SWIFT_EMIT_LOC_STRINGS = YES;
				SWIFT_VERSION = 5.0;
				TARGETED_DEVICE_FAMILY = "1,2";
			};
			name = Release;
		};
/* End XCBuildConfiguration section */

/* Begin XCConfigurationList section */
		6CA9DEF02BF3EDC300F70115 /* Build configuration list for PBXProject "bikeFinder" */ = {
			isa = XCConfigurationList;
			buildConfigurations = (
				6CA9DF032BF3EDC600F70115 /* Debug */,
				6CA9DF042BF3EDC600F70115 /* Release */,
			);
			defaultConfigurationIsVisible = 0;
			defaultConfigurationName = Release;
		};
		6CA9DF052BF3EDC600F70115 /* Build configuration list for PBXNativeTarget "bikeFinder" */ = {
			isa = XCConfigurationList;
			buildConfigurations = (
				6CA9DF062BF3EDC600F70115 /* Debug */,
				6CA9DF072BF3EDC600F70115 /* Release */,
			);
			defaultConfigurationIsVisible = 0;
			defaultConfigurationName = Release;
		};
/* End XCConfigurationList section */
	};
	rootObject = 6CA9DEED2BF3EDC300F70115 /* Project object */;
}
